// !$*UTF8*$!
{
	archiveVersion = 1;
	classes = {
	};
	objectVersion = 56;
	objects = {

/* Begin PBXBuildFile section */
		A7A9EBA32B431130004CF9D8 /* AppDelegate.swift in Sources */ = {isa = PBXBuildFile; fileRef = A7A9EBA22B431130004CF9D8 /* AppDelegate.swift */; };
		A7A9EBA52B431130004CF9D8 /* SceneDelegate.swift in Sources */ = {isa = PBXBuildFile; fileRef = A7A9EBA42B431130004CF9D8 /* SceneDelegate.swift */; };
		A7A9EBA72B431130004CF9D8 /* ViewController.swift in Sources */ = {isa = PBXBuildFile; fileRef = A7A9EBA62B431130004CF9D8 /* ViewController.swift */; };
		A7A9EBAA2B431130004CF9D8 /* Main.storyboard in Resources */ = {isa = PBXBuildFile; fileRef = A7A9EBA82B431130004CF9D8 /* Main.storyboard */; };
		A7A9EBAC2B431130004CF9D8 /* Assets.xcassets in Resources */ = {isa = PBXBuildFile; fileRef = A7A9EBAB2B431130004CF9D8 /* Assets.xcassets */; };
		A7A9EBAF2B431130004CF9D8 /* LaunchScreen.storyboard in Resources */ = {isa = PBXBuildFile; fileRef = A7A9EBAD2B431130004CF9D8 /* LaunchScreen.storyboard */; };
		A7A9EBBA2B431131004CF9D8 /* HWdelegatecallbackTests.swift in Sources */ = {isa = PBXBuildFile; fileRef = A7A9EBB92B431131004CF9D8 /* HWdelegatecallbackTests.swift */; };
		A7A9EBC42B431131004CF9D8 /* HWdelegatecallbackUITests.swift in Sources */ = {isa = PBXBuildFile; fileRef = A7A9EBC32B431131004CF9D8 /* HWdelegatecallbackUITests.swift */; };
		A7A9EBC62B431131004CF9D8 /* HWdelegatecallbackUITestsLaunchTests.swift in Sources */ = {isa = PBXBuildFile; fileRef = A7A9EBC52B431131004CF9D8 /* HWdelegatecallbackUITestsLaunchTests.swift */; };
		A7A9EBD32B4313B1004CF9D8 /* Second.storyboard in Resources */ = {isa = PBXBuildFile; fileRef = A7A9EBD22B4313B1004CF9D8 /* Second.storyboard */; };
		A7A9EBD52B43146F004CF9D8 /* SecondViewController.swift in Sources */ = {isa = PBXBuildFile; fileRef = A7A9EBD42B43146F004CF9D8 /* SecondViewController.swift */; };
/* End PBXBuildFile section */

/* Begin PBXContainerItemProxy section */
		A7A9EBB62B431131004CF9D8 /* PBXContainerItemProxy */ = {
			isa = PBXContainerItemProxy;
			containerPortal = A7A9EB972B431130004CF9D8 /* Project object */;
			proxyType = 1;
			remoteGlobalIDString = A7A9EB9E2B431130004CF9D8;
			remoteInfo = HWdelegatecallback;
		};
		A7A9EBC02B431131004CF9D8 /* PBXContainerItemProxy */ = {
			isa = PBXContainerItemProxy;
			containerPortal = A7A9EB972B431130004CF9D8 /* Project object */;
			proxyType = 1;
			remoteGlobalIDString = A7A9EB9E2B431130004CF9D8;
			remoteInfo = HWdelegatecallback;
		};
/* End PBXContainerItemProxy section */

/* Begin PBXFileReference section */
		A7A9EB9F2B431130004CF9D8 /* HWdelegatecallback.app */ = {isa = PBXFileReference; explicitFileType = wrapper.application; includeInIndex = 0; path = HWdelegatecallback.app; sourceTree = BUILT_PRODUCTS_DIR; };
		A7A9EBA22B431130004CF9D8 /* AppDelegate.swift */ = {isa = PBXFileReference; lastKnownFileType = sourcecode.swift; path = AppDelegate.swift; sourceTree = "<group>"; };
		A7A9EBA42B431130004CF9D8 /* SceneDelegate.swift */ = {isa = PBXFileReference; lastKnownFileType = sourcecode.swift; path = SceneDelegate.swift; sourceTree = "<group>"; };
		A7A9EBA62B431130004CF9D8 /* ViewController.swift */ = {isa = PBXFileReference; lastKnownFileType = sourcecode.swift; path = ViewController.swift; sourceTree = "<group>"; };
		A7A9EBA92B431130004CF9D8 /* Base */ = {isa = PBXFileReference; lastKnownFileType = file.storyboard; name = Base; path = Base.lproj/Main.storyboard; sourceTree = "<group>"; };
		A7A9EBAB2B431130004CF9D8 /* Assets.xcassets */ = {isa = PBXFileReference; lastKnownFileType = folder.assetcatalog; path = Assets.xcassets; sourceTree = "<group>"; };
		A7A9EBAE2B431130004CF9D8 /* Base */ = {isa = PBXFileReference; lastKnownFileType = file.storyboard; name = Base; path = Base.lproj/LaunchScreen.storyboard; sourceTree = "<group>"; };
		A7A9EBB02B431130004CF9D8 /* Info.plist */ = {isa = PBXFileReference; lastKnownFileType = text.plist.xml; path = Info.plist; sourceTree = "<group>"; };
		A7A9EBB52B431131004CF9D8 /* HWdelegatecallbackTests.xctest */ = {isa = PBXFileReference; explicitFileType = wrapper.cfbundle; includeInIndex = 0; path = HWdelegatecallbackTests.xctest; sourceTree = BUILT_PRODUCTS_DIR; };
		A7A9EBB92B431131004CF9D8 /* HWdelegatecallbackTests.swift */ = {isa = PBXFileReference; lastKnownFileType = sourcecode.swift; path = HWdelegatecallbackTests.swift; sourceTree = "<group>"; };
		A7A9EBBF2B431131004CF9D8 /* HWdelegatecallbackUITests.xctest */ = {isa = PBXFileReference; explicitFileType = wrapper.cfbundle; includeInIndex = 0; path = HWdelegatecallbackUITests.xctest; sourceTree = BUILT_PRODUCTS_DIR; };
		A7A9EBC32B431131004CF9D8 /* HWdelegatecallbackUITests.swift */ = {isa = PBXFileReference; lastKnownFileType = sourcecode.swift; path = HWdelegatecallbackUITests.swift; sourceTree = "<group>"; };
		A7A9EBC52B431131004CF9D8 /* HWdelegatecallbackUITestsLaunchTests.swift */ = {isa = PBXFileReference; lastKnownFileType = sourcecode.swift; path = HWdelegatecallbackUITestsLaunchTests.swift; sourceTree = "<group>"; };
		A7A9EBD22B4313B1004CF9D8 /* Second.storyboard */ = {isa = PBXFileReference; lastKnownFileType = file.storyboard; path = Second.storyboard; sourceTree = "<group>"; };
		A7A9EBD42B43146F004CF9D8 /* SecondViewController.swift */ = {isa = PBXFileReference; lastKnownFileType = sourcecode.swift; path = SecondViewController.swift; sourceTree = "<group>"; };
/* End PBXFileReference section */

/* Begin PBXFrameworksBuildPhase section */
		A7A9EB9C2B431130004CF9D8 /* Frameworks */ = {
			isa = PBXFrameworksBuildPhase;
			buildActionMask = 2147483647;
			files = (
			);
			runOnlyForDeploymentPostprocessing = 0;
		};
		A7A9EBB22B431131004CF9D8 /* Frameworks */ = {
			isa = PBXFrameworksBuildPhase;
			buildActionMask = 2147483647;
			files = (
			);
			runOnlyForDeploymentPostprocessing = 0;
		};
		A7A9EBBC2B431131004CF9D8 /* Frameworks */ = {
			isa = PBXFrameworksBuildPhase;
			buildActionMask = 2147483647;
			files = (
			);
			runOnlyForDeploymentPostprocessing = 0;
		};
/* End PBXFrameworksBuildPhase section */

/* Begin PBXGroup section */
		A7A9EB962B431130004CF9D8 = {
			isa = PBXGroup;
			children = (
				A7A9EBA12B431130004CF9D8 /* HWdelegatecallback */,
				A7A9EBB82B431131004CF9D8 /* HWdelegatecallbackTests */,
				A7A9EBC22B431131004CF9D8 /* HWdelegatecallbackUITests */,
				A7A9EBA02B431130004CF9D8 /* Products */,
			);
			sourceTree = "<group>";
		};
		A7A9EBA02B431130004CF9D8 /* Products */ = {
			isa = PBXGroup;
			children = (
				A7A9EB9F2B431130004CF9D8 /* HWdelegatecallback.app */,
				A7A9EBB52B431131004CF9D8 /* HWdelegatecallbackTests.xctest */,
				A7A9EBBF2B431131004CF9D8 /* HWdelegatecallbackUITests.xctest */,
			);
			name = Products;
			sourceTree = "<group>";
		};
		A7A9EBA12B431130004CF9D8 /* HWdelegatecallback */ = {
			isa = PBXGroup;
			children = (
				A7A9EBA22B431130004CF9D8 /* AppDelegate.swift */,
				A7A9EBA42B431130004CF9D8 /* SceneDelegate.swift */,
				A7A9EBA62B431130004CF9D8 /* ViewController.swift */,
				A7A9EBA82B431130004CF9D8 /* Main.storyboard */,
				A7A9EBAB2B431130004CF9D8 /* Assets.xcassets */,
				A7A9EBAD2B431130004CF9D8 /* LaunchScreen.storyboard */,
				A7A9EBB02B431130004CF9D8 /* Info.plist */,
				A7A9EBD22B4313B1004CF9D8 /* Second.storyboard */,
				A7A9EBD42B43146F004CF9D8 /* SecondViewController.swift */,
			);
			path = HWdelegatecallback;
			sourceTree = "<group>";
		};
		A7A9EBB82B431131004CF9D8 /* HWdelegatecallbackTests */ = {
			isa = PBXGroup;
			children = (
				A7A9EBB92B431131004CF9D8 /* HWdelegatecallbackTests.swift */,
			);
			path = HWdelegatecallbackTests;
			sourceTree = "<group>";
		};
		A7A9EBC22B431131004CF9D8 /* HWdelegatecallbackUITests */ = {
			isa = PBXGroup;
			children = (
				A7A9EBC32B431131004CF9D8 /* HWdelegatecallbackUITests.swift */,
				A7A9EBC52B431131004CF9D8 /* HWdelegatecallbackUITestsLaunchTests.swift */,
			);
			path = HWdelegatecallbackUITests;
			sourceTree = "<group>";
		};
/* End PBXGroup section */

/* Begin PBXNativeTarget section */
		A7A9EB9E2B431130004CF9D8 /* HWdelegatecallback */ = {
			isa = PBXNativeTarget;
			buildConfigurationList = A7A9EBC92B431131004CF9D8 /* Build configuration list for PBXNativeTarget "HWdelegatecallback" */;
			buildPhases = (
				A7A9EB9B2B431130004CF9D8 /* Sources */,
				A7A9EB9C2B431130004CF9D8 /* Frameworks */,
				A7A9EB9D2B431130004CF9D8 /* Resources */,
			);
			buildRules = (
			);
			dependencies = (
			);
			name = HWdelegatecallback;
			productName = HWdelegatecallback;
			productReference = A7A9EB9F2B431130004CF9D8 /* HWdelegatecallback.app */;
			productType = "com.apple.product-type.application";
		};
		A7A9EBB42B431131004CF9D8 /* HWdelegatecallbackTests */ = {
			isa = PBXNativeTarget;
			buildConfigurationList = A7A9EBCC2B431131004CF9D8 /* Build configuration list for PBXNativeTarget "HWdelegatecallbackTests" */;
			buildPhases = (
				A7A9EBB12B431131004CF9D8 /* Sources */,
				A7A9EBB22B431131004CF9D8 /* Frameworks */,
				A7A9EBB32B431131004CF9D8 /* Resources */,
			);
			buildRules = (
			);
			dependencies = (
				A7A9EBB72B431131004CF9D8 /* PBXTargetDependency */,
			);
			name = HWdelegatecallbackTests;
			productName = HWdelegatecallbackTests;
			productReference = A7A9EBB52B431131004CF9D8 /* HWdelegatecallbackTests.xctest */;
			productType = "com.apple.product-type.bundle.unit-test";
		};
		A7A9EBBE2B431131004CF9D8 /* HWdelegatecallbackUITests */ = {
			isa = PBXNativeTarget;
			buildConfigurationList = A7A9EBCF2B431131004CF9D8 /* Build configuration list for PBXNativeTarget "HWdelegatecallbackUITests" */;
			buildPhases = (
				A7A9EBBB2B431131004CF9D8 /* Sources */,
				A7A9EBBC2B431131004CF9D8 /* Frameworks */,
				A7A9EBBD2B431131004CF9D8 /* Resources */,
			);
			buildRules = (
			);
			dependencies = (
				A7A9EBC12B431131004CF9D8 /* PBXTargetDependency */,
			);
			name = HWdelegatecallbackUITests;
			productName = HWdelegatecallbackUITests;
			productReference = A7A9EBBF2B431131004CF9D8 /* HWdelegatecallbackUITests.xctest */;
			productType = "com.apple.product-type.bundle.ui-testing";
		};
/* End PBXNativeTarget section */

/* Begin PBXProject section */
		A7A9EB972B431130004CF9D8 /* Project object */ = {
			isa = PBXProject;
			attributes = {
				BuildIndependentTargetsInParallel = 1;
				LastSwiftUpdateCheck = 1500;
				LastUpgradeCheck = 1500;
				TargetAttributes = {
					A7A9EB9E2B431130004CF9D8 = {
						CreatedOnToolsVersion = 15.0.1;
					};
					A7A9EBB42B431131004CF9D8 = {
						CreatedOnToolsVersion = 15.0.1;
						TestTargetID = A7A9EB9E2B431130004CF9D8;
					};
					A7A9EBBE2B431131004CF9D8 = {
						CreatedOnToolsVersion = 15.0.1;
						TestTargetID = A7A9EB9E2B431130004CF9D8;
					};
				};
			};
			buildConfigurationList = A7A9EB9A2B431130004CF9D8 /* Build configuration list for PBXProject "HWdelegatecallback" */;
			compatibilityVersion = "Xcode 14.0";
			developmentRegion = en;
			hasScannedForEncodings = 0;
			knownRegions = (
				en,
				Base,
			);
			mainGroup = A7A9EB962B431130004CF9D8;
			productRefGroup = A7A9EBA02B431130004CF9D8 /* Products */;
			projectDirPath = "";
			projectRoot = "";
			targets = (
				A7A9EB9E2B431130004CF9D8 /* HWdelegatecallback */,
				A7A9EBB42B431131004CF9D8 /* HWdelegatecallbackTests */,
				A7A9EBBE2B431131004CF9D8 /* HWdelegatecallbackUITests */,
			);
		};
/* End PBXProject section */

/* Begin PBXResourcesBuildPhase section */
		A7A9EB9D2B431130004CF9D8 /* Resources */ = {
			isa = PBXResourcesBuildPhase;
			buildActionMask = 2147483647;
			files = (
				A7A9EBD32B4313B1004CF9D8 /* Second.storyboard in Resources */,
				A7A9EBAF2B431130004CF9D8 /* LaunchScreen.storyboard in Resources */,
				A7A9EBAC2B431130004CF9D8 /* Assets.xcassets in Resources */,
				A7A9EBAA2B431130004CF9D8 /* Main.storyboard in Resources */,
			);
			runOnlyForDeploymentPostprocessing = 0;
		};
		A7A9EBB32B431131004CF9D8 /* Resources */ = {
			isa = PBXResourcesBuildPhase;
			buildActionMask = 2147483647;
			files = (
			);
			runOnlyForDeploymentPostprocessing = 0;
		};
		A7A9EBBD2B431131004CF9D8 /* Resources */ = {
			isa = PBXResourcesBuildPhase;
			buildActionMask = 2147483647;
			files = (
			);
			runOnlyForDeploymentPostprocessing = 0;
		};
/* End PBXResourcesBuildPhase section */

/* Begin PBXSourcesBuildPhase section */
		A7A9EB9B2B431130004CF9D8 /* Sources */ = {
			isa = PBXSourcesBuildPhase;
			buildActionMask = 2147483647;
			files = (
				A7A9EBD52B43146F004CF9D8 /* SecondViewController.swift in Sources */,
				A7A9EBA72B431130004CF9D8 /* ViewController.swift in Sources */,
				A7A9EBA32B431130004CF9D8 /* AppDelegate.swift in Sources */,
				A7A9EBA52B431130004CF9D8 /* SceneDelegate.swift in Sources */,
			);
			runOnlyForDeploymentPostprocessing = 0;
		};
		A7A9EBB12B431131004CF9D8 /* Sources */ = {
			isa = PBXSourcesBuildPhase;
			buildActionMask = 2147483647;
			files = (
				A7A9EBBA2B431131004CF9D8 /* HWdelegatecallbackTests.swift in Sources */,
			);
			runOnlyForDeploymentPostprocessing = 0;
		};
		A7A9EBBB2B431131004CF9D8 /* Sources */ = {
			isa = PBXSourcesBuildPhase;
			buildActionMask = 2147483647;
			files = (
				A7A9EBC42B431131004CF9D8 /* HWdelegatecallbackUITests.swift in Sources */,
				A7A9EBC62B431131004CF9D8 /* HWdelegatecallbackUITestsLaunchTests.swift in Sources */,
			);
			runOnlyForDeploymentPostprocessing = 0;
		};
/* End PBXSourcesBuildPhase section */

/* Begin PBXTargetDependency section */
		A7A9EBB72B431131004CF9D8 /* PBXTargetDependency */ = {
			isa = PBXTargetDependency;
			target = A7A9EB9E2B431130004CF9D8 /* HWdelegatecallback */;
			targetProxy = A7A9EBB62B431131004CF9D8 /* PBXContainerItemProxy */;
		};
		A7A9EBC12B431131004CF9D8 /* PBXTargetDependency */ = {
			isa = PBXTargetDependency;
			target = A7A9EB9E2B431130004CF9D8 /* HWdelegatecallback */;
			targetProxy = A7A9EBC02B431131004CF9D8 /* PBXContainerItemProxy */;
		};
/* End PBXTargetDependency section */

/* Begin PBXVariantGroup section */
		A7A9EBA82B431130004CF9D8 /* Main.storyboard */ = {
			isa = PBXVariantGroup;
			children = (
				A7A9EBA92B431130004CF9D8 /* Base */,
			);
			name = Main.storyboard;
			sourceTree = "<group>";
		};
		A7A9EBAD2B431130004CF9D8 /* LaunchScreen.storyboard */ = {
			isa = PBXVariantGroup;
			children = (
				A7A9EBAE2B431130004CF9D8 /* Base */,
			);
			name = LaunchScreen.storyboard;
			sourceTree = "<group>";
		};
/* End PBXVariantGroup section */

/* Begin XCBuildConfiguration section */
		A7A9EBC72B431131004CF9D8 /* Debug */ = {
			isa = XCBuildConfiguration;
			buildSettings = {
				ALWAYS_SEARCH_USER_PATHS = NO;
				ASSETCATALOG_COMPILER_GENERATE_SWIFT_ASSET_SYMBOL_EXTENSIONS = YES;
				CLANG_ANALYZER_NONNULL = YES;
				CLANG_ANALYZER_NUMBER_OBJECT_CONVERSION = YES_AGGRESSIVE;
				CLANG_CXX_LANGUAGE_STANDARD = "gnu++20";
				CLANG_ENABLE_MODULES = YES;
				CLANG_ENABLE_OBJC_ARC = YES;
				CLANG_ENABLE_OBJC_WEAK = YES;
				CLANG_WARN_BLOCK_CAPTURE_AUTORELEASING = YES;
				CLANG_WARN_BOOL_CONVERSION = YES;
				CLANG_WARN_COMMA = YES;
				CLANG_WARN_CONSTANT_CONVERSION = YES;
				CLANG_WARN_DEPRECATED_OBJC_IMPLEMENTATIONS = YES;
				CLANG_WARN_DIRECT_OBJC_ISA_USAGE = YES_ERROR;
				CLANG_WARN_DOCUMENTATION_COMMENTS = YES;
				CLANG_WARN_EMPTY_BODY = YES;
				CLANG_WARN_ENUM_CONVERSION = YES;
				CLANG_WARN_INFINITE_RECURSION = YES;
				CLANG_WARN_INT_CONVERSION = YES;
				CLANG_WARN_NON_LITERAL_NULL_CONVERSION = YES;
				CLANG_WARN_OBJC_IMPLICIT_RETAIN_SELF = YES;
				CLANG_WARN_OBJC_LITERAL_CONVERSION = YES;
				CLANG_WARN_OBJC_ROOT_CLASS = YES_ERROR;
				CLANG_WARN_QUOTED_INCLUDE_IN_FRAMEWORK_HEADER = YES;
				CLANG_WARN_RANGE_LOOP_ANALYSIS = YES;
				CLANG_WARN_STRICT_PROTOTYPES = YES;
				CLANG_WARN_SUSPICIOUS_MOVE = YES;
				CLANG_WARN_UNGUARDED_AVAILABILITY = YES_AGGRESSIVE;
				CLANG_WARN_UNREACHABLE_CODE = YES;
				CLANG_WARN__DUPLICATE_METHOD_MATCH = YES;
				COPY_PHASE_STRIP = NO;
				DEBUG_INFORMATION_FORMAT = dwarf;
				ENABLE_STRICT_OBJC_MSGSEND = YES;
				ENABLE_TESTABILITY = YES;
				ENABLE_USER_SCRIPT_SANDBOXING = YES;
				GCC_C_LANGUAGE_STANDARD = gnu17;
				GCC_DYNAMIC_NO_PIC = NO;
				GCC_NO_COMMON_BLOCKS = YES;
				GCC_OPTIMIZATION_LEVEL = 0;
				GCC_PREPROCESSOR_DEFINITIONS = (
					"DEBUG=1",
					"$(inherited)",
				);
				GCC_WARN_64_TO_32_BIT_CONVERSION = YES;
				GCC_WARN_ABOUT_RETURN_TYPE = YES_ERROR;
				GCC_WARN_UNDECLARED_SELECTOR = YES;
				GCC_WARN_UNINITIALIZED_AUTOS = YES_AGGRESSIVE;
				GCC_WARN_UNUSED_FUNCTION = YES;
				GCC_WARN_UNUSED_VARIABLE = YES;
				IPHONEOS_DEPLOYMENT_TARGET = 17.0;
				LOCALIZATION_PREFERS_STRING_CATALOGS = YES;
				MTL_ENABLE_DEBUG_INFO = INCLUDE_SOURCE;
				MTL_FAST_MATH = YES;
				ONLY_ACTIVE_ARCH = YES;
				SDKROOT = iphoneos;
				SWIFT_ACTIVE_COMPILATION_CONDITIONS = "DEBUG $(inherited)";
				SWIFT_OPTIMIZATION_LEVEL = "-Onone";
			};
			name = Debug;
		};
		A7A9EBC82B431131004CF9D8 /* Release */ = {
			isa = XCBuildConfiguration;
			buildSettings = {
				ALWAYS_SEARCH_USER_PATHS = NO;
				ASSETCATALOG_COMPILER_GENERATE_SWIFT_ASSET_SYMBOL_EXTENSIONS = YES;
				CLANG_ANALYZER_NONNULL = YES;
				CLANG_ANALYZER_NUMBER_OBJECT_CONVERSION = YES_AGGRESSIVE;
				CLANG_CXX_LANGUAGE_STANDARD = "gnu++20";
				CLANG_ENABLE_MODULES = YES;
				CLANG_ENABLE_OBJC_ARC = YES;
				CLANG_ENABLE_OBJC_WEAK = YES;
				CLANG_WARN_BLOCK_CAPTURE_AUTORELEASING = YES;
				CLANG_WARN_BOOL_CONVERSION = YES;
				CLANG_WARN_COMMA = YES;
				CLANG_WARN_CONSTANT_CONVERSION = YES;
				CLANG_WARN_DEPRECATED_OBJC_IMPLEMENTATIONS = YES;
				CLANG_WARN_DIRECT_OBJC_ISA_USAGE = YES_ERROR;
				CLANG_WARN_DOCUMENTATION_COMMENTS = YES;
				CLANG_WARN_EMPTY_BODY = YES;
				CLANG_WARN_ENUM_CONVERSION = YES;
				CLANG_WARN_INFINITE_RECURSION = YES;
				CLANG_WARN_INT_CONVERSION = YES;
				CLANG_WARN_NON_LITERAL_NULL_CONVERSION = YES;
				CLANG_WARN_OBJC_IMPLICIT_RETAIN_SELF = YES;
				CLANG_WARN_OBJC_LITERAL_CONVERSION = YES;
				CLANG_WARN_OBJC_ROOT_CLASS = YES_ERROR;
				CLANG_WARN_QUOTED_INCLUDE_IN_FRAMEWORK_HEADER = YES;
				CLANG_WARN_RANGE_LOOP_ANALYSIS = YES;
				CLANG_WARN_STRICT_PROTOTYPES = YES;
				CLANG_WARN_SUSPICIOUS_MOVE = YES;
				CLANG_WARN_UNGUARDED_AVAILABILITY = YES_AGGRESSIVE;
				CLANG_WARN_UNREACHABLE_CODE = YES;
				CLANG_WARN__DUPLICATE_METHOD_MATCH = YES;
				COPY_PHASE_STRIP = NO;
				DEBUG_INFORMATION_FORMAT = "dwarf-with-dsym";
				ENABLE_NS_ASSERTIONS = NO;
				ENABLE_STRICT_OBJC_MSGSEND = YES;
				ENABLE_USER_SCRIPT_SANDBOXING = YES;
				GCC_C_LANGUAGE_STANDARD = gnu17;
				GCC_NO_COMMON_BLOCKS = YES;
				GCC_WARN_64_TO_32_BIT_CONVERSION = YES;
				GCC_WARN_ABOUT_RETURN_TYPE = YES_ERROR;
				GCC_WARN_UNDECLARED_SELECTOR = YES;
				GCC_WARN_UNINITIALIZED_AUTOS = YES_AGGRESSIVE;
				GCC_WARN_UNUSED_FUNCTION = YES;
				GCC_WARN_UNUSED_VARIABLE = YES;
				IPHONEOS_DEPLOYMENT_TARGET = 17.0;
				LOCALIZATION_PREFERS_STRING_CATALOGS = YES;
				MTL_ENABLE_DEBUG_INFO = NO;
				MTL_FAST_MATH = YES;
				SDKROOT = iphoneos;
				SWIFT_COMPILATION_MODE = wholemodule;
				VALIDATE_PRODUCT = YES;
			};
			name = Release;
		};
		A7A9EBCA2B431131004CF9D8 /* Debug */ = {
			isa = XCBuildConfiguration;
			buildSettings = {
				ASSETCATALOG_COMPILER_APPICON_NAME = AppIcon;
				ASSETCATALOG_COMPILER_GLOBAL_ACCENT_COLOR_NAME = AccentColor;
				CODE_SIGN_STYLE = Automatic;
				CURRENT_PROJECT_VERSION = 1;
				GENERATE_INFOPLIST_FILE = YES;
				INFOPLIST_FILE = HWdelegatecallback/Info.plist;
				INFOPLIST_KEY_UIApplicationSupportsIndirectInputEvents = YES;
				INFOPLIST_KEY_UILaunchStoryboardName = LaunchScreen;
				INFOPLIST_KEY_UIMainStoryboardFile = Main;
				INFOPLIST_KEY_UISupportedInterfaceOrientations_iPad = "UIInterfaceOrientationPortrait UIInterfaceOrientationPortraitUpsideDown UIInterfaceOrientationLandscapeLeft UIInterfaceOrientationLandscapeRight";
				INFOPLIST_KEY_UISupportedInterfaceOrientations_iPhone = "UIInterfaceOrientationPortrait UIInterfaceOrientationLandscapeLeft UIInterfaceOrientationLandscapeRight";
				LD_RUNPATH_SEARCH_PATHS = (
					"$(inherited)",
					"@executable_path/Frameworks",
				);
				MARKETING_VERSION = 1.0;
				PRODUCT_BUNDLE_IDENTIFIER = tms.HWdelegatecallback;
				PRODUCT_NAME = "$(TARGET_NAME)";
				SWIFT_EMIT_LOC_STRINGS = YES;
				SWIFT_VERSION = 5.0;
				TARGETED_DEVICE_FAMILY = "1,2";
			};
			name = Debug;
		};
		A7A9EBCB2B431131004CF9D8 /* Release */ = {
			isa = XCBuildConfiguration;
			buildSettings = {
				ASSETCATALOG_COMPILER_APPICON_NAME = AppIcon;
				ASSETCATALOG_COMPILER_GLOBAL_ACCENT_COLOR_NAME = AccentColor;
				CODE_SIGN_STYLE = Automatic;
				CURRENT_PROJECT_VERSION = 1;
				GENERATE_INFOPLIST_FILE = YES;
				INFOPLIST_FILE = HWdelegatecallback/Info.plist;
				INFOPLIST_KEY_UIApplicationSupportsIndirectInputEvents = YES;
				INFOPLIST_KEY_UILaunchStoryboardName = LaunchScreen;
				INFOPLIST_KEY_UIMainStoryboardFile = Main;
				INFOPLIST_KEY_UISupportedInterfaceOrientations_iPad = "UIInterfaceOrientationPortrait UIInterfaceOrientationPortraitUpsideDown UIInterfaceOrientationLandscapeLeft UIInterfaceOrientationLandscapeRight";
				INFOPLIST_KEY_UISupportedInterfaceOrientations_iPhone = "UIInterfaceOrientationPortrait UIInterfaceOrientationLandscapeLeft UIInterfaceOrientationLandscapeRight";
				LD_RUNPATH_SEARCH_PATHS = (
					"$(inherited)",
					"@executable_path/Frameworks",
				);
				MARKETING_VERSION = 1.0;
				PRODUCT_BUNDLE_IDENTIFIER = tms.HWdelegatecallback;
				PRODUCT_NAME = "$(TARGET_NAME)";
				SWIFT_EMIT_LOC_STRINGS = YES;
				SWIFT_VERSION = 5.0;
				TARGETED_DEVICE_FAMILY = "1,2";
			};
			name = Release;
		};
		A7A9EBCD2B431131004CF9D8 /* Debug */ = {
			isa = XCBuildConfiguration;
			buildSettings = {
				ALWAYS_EMBED_SWIFT_STANDARD_LIBRARIES = YES;
				BUNDLE_LOADER = "$(TEST_HOST)";
				CODE_SIGN_STYLE = Automatic;
				CURRENT_PROJECT_VERSION = 1;
				GENERATE_INFOPLIST_FILE = YES;
				IPHONEOS_DEPLOYMENT_TARGET = 17.0;
				MARKETING_VERSION = 1.0;
				PRODUCT_BUNDLE_IDENTIFIER = tms.HWdelegatecallbackTests;
				PRODUCT_NAME = "$(TARGET_NAME)";
				SWIFT_EMIT_LOC_STRINGS = NO;
				SWIFT_VERSION = 5.0;
				TARGETED_DEVICE_FAMILY = "1,2";
				TEST_HOST = "$(BUILT_PRODUCTS_DIR)/HWdelegatecallback.app/$(BUNDLE_EXECUTABLE_FOLDER_PATH)/HWdelegatecallback";
			};
			name = Debug;
		};
		A7A9EBCE2B431131004CF9D8 /* Release */ = {
			isa = XCBuildConfiguration;
			buildSettings = {
				ALWAYS_EMBED_SWIFT_STANDARD_LIBRARIES = YES;
				BUNDLE_LOADER = "$(TEST_HOST)";
				CODE_SIGN_STYLE = Automatic;
				CURRENT_PROJECT_VERSION = 1;
				GENERATE_INFOPLIST_FILE = YES;
				IPHONEOS_DEPLOYMENT_TARGET = 17.0;
				MARKETING_VERSION = 1.0;
				PRODUCT_BUNDLE_IDENTIFIER = tms.HWdelegatecallbackTests;
				PRODUCT_NAME = "$(TARGET_NAME)";
				SWIFT_EMIT_LOC_STRINGS = NO;
				SWIFT_VERSION = 5.0;
				TARGETED_DEVICE_FAMILY = "1,2";
				TEST_HOST = "$(BUILT_PRODUCTS_DIR)/HWdelegatecallback.app/$(BUNDLE_EXECUTABLE_FOLDER_PATH)/HWdelegatecallback";
			};
			name = Release;
		};
		A7A9EBD02B431131004CF9D8 /* Debug */ = {
			isa = XCBuildConfiguration;
			buildSettings = {
				ALWAYS_EMBED_SWIFT_STANDARD_LIBRARIES = YES;
				CODE_SIGN_STYLE = Automatic;
				CURRENT_PROJECT_VERSION = 1;
				GENERATE_INFOPLIST_FILE = YES;
				MARKETING_VERSION = 1.0;
				PRODUCT_BUNDLE_IDENTIFIER = tms.HWdelegatecallbackUITests;
				PRODUCT_NAME = "$(TARGET_NAME)";
				SWIFT_EMIT_LOC_STRINGS = NO;
				SWIFT_VERSION = 5.0;
				TARGETED_DEVICE_FAMILY = "1,2";
				TEST_TARGET_NAME = HWdelegatecallback;
			};
			name = Debug;
		};
		A7A9EBD12B431131004CF9D8 /* Release */ = {
			isa = XCBuildConfiguration;
			buildSettings = {
				ALWAYS_EMBED_SWIFT_STANDARD_LIBRARIES = YES;
				CODE_SIGN_STYLE = Automatic;
				CURRENT_PROJECT_VERSION = 1;
				GENERATE_INFOPLIST_FILE = YES;
				MARKETING_VERSION = 1.0;
				PRODUCT_BUNDLE_IDENTIFIER = tms.HWdelegatecallbackUITests;
				PRODUCT_NAME = "$(TARGET_NAME)";
				SWIFT_EMIT_LOC_STRINGS = NO;
				SWIFT_VERSION = 5.0;
				TARGETED_DEVICE_FAMILY = "1,2";
				TEST_TARGET_NAME = HWdelegatecallback;
			};
			name = Release;
		};
/* End XCBuildConfiguration section */

/* Begin XCConfigurationList section */
		A7A9EB9A2B431130004CF9D8 /* Build configuration list for PBXProject "HWdelegatecallback" */ = {
			isa = XCConfigurationList;
			buildConfigurations = (
				A7A9EBC72B431131004CF9D8 /* Debug */,
				A7A9EBC82B431131004CF9D8 /* Release */,
			);
			defaultConfigurationIsVisible = 0;
			defaultConfigurationName = Release;
		};
		A7A9EBC92B431131004CF9D8 /* Build configuration list for PBXNativeTarget "HWdelegatecallback" */ = {
			isa = XCConfigurationList;
			buildConfigurations = (
				A7A9EBCA2B431131004CF9D8 /* Debug */,
				A7A9EBCB2B431131004CF9D8 /* Release */,
			);
			defaultConfigurationIsVisible = 0;
			defaultConfigurationName = Release;
		};
		A7A9EBCC2B431131004CF9D8 /* Build configuration list for PBXNativeTarget "HWdelegatecallbackTests" */ = {
			isa = XCConfigurationList;
			buildConfigurations = (
				A7A9EBCD2B431131004CF9D8 /* Debug */,
				A7A9EBCE2B431131004CF9D8 /* Release */,
			);
			defaultConfigurationIsVisible = 0;
			defaultConfigurationName = Release;
		};
		A7A9EBCF2B431131004CF9D8 /* Build configuration list for PBXNativeTarget "HWdelegatecallbackUITests" */ = {
			isa = XCConfigurationList;
			buildConfigurations = (
				A7A9EBD02B431131004CF9D8 /* Debug */,
				A7A9EBD12B431131004CF9D8 /* Release */,
			);
			defaultConfigurationIsVisible = 0;
			defaultConfigurationName = Release;
		};
/* End XCConfigurationList section */
	};
	rootObject = A7A9EB972B431130004CF9D8 /* Project object */;
}
